
Microsoft Visual Studio Solution File, Format Version 12.00
# Visual Studio Version 16
VisualStudioVersion = 16.0.30406.217
MinimumVisualStudioVersion = 10.0.40219.1
Project("{FAE04EC0-301F-11D3-BF4B-00C04F79EFBC}") = "SayHelloWorld", "SayHelloWorld\SayHelloWorld.csproj", "{00171800-DE0A-4E7A-9B00-5E231B061C55}"
EndProject
Project("{FAE04EC0-301F-11D3-BF4B-00C04F79EFBC}") = "FirstMenuCommand", "FirstMenuCommand\FirstMenuCommand.csproj", "{B8599A43-47F0-4CC8-901A-AFC32EFFF222}"
EndProject
Project("{FAE04EC0-301F-11D3-BF4B-00C04F79EFBC}") = "TopLevelMenu", "TopLevelMenu\TopLevelMenu.csproj", "{26AADEE1-42F2-465D-AEAB-67ECBFA566AF}"
EndProject
Project("{FAE04EC0-301F-11D3-BF4B-00C04F79EFBC}") = "ReusableButtons", "ReusableButtons\ReusableButtons.csproj", "{A00E646F-DF99-4F8B-A879-8C93BE34BE2F}"
EndProject
Global
	GlobalSection(SolutionConfigurationPlatforms) = preSolution
		Debug|Any CPU = Debug|Any CPU
		Release|Any CPU = Release|Any CPU
	EndGlobalSection
	GlobalSection(ProjectConfigurationPlatforms) = postSolution
		{00171800-DE0A-4E7A-9B00-5E231B061C55}.Debug|Any CPU.ActiveCfg = Debug|Any CPU
		{00171800-DE0A-4E7A-9B00-5E231B061C55}.Debug|Any CPU.Build.0 = Debug|Any CPU
		{00171800-DE0A-4E7A-9B00-5E231B061C55}.Release|Any CPU.ActiveCfg = Release|Any CPU
		{00171800-DE0A-4E7A-9B00-5E231B061C55}.Release|Any CPU.Build.0 = Release|Any CPU
		{B8599A43-47F0-4CC8-901A-AFC32EFFF222}.Debug|Any CPU.ActiveCfg = Debug|Any CPU
		{B8599A43-47F0-4CC8-901A-AFC32EFFF222}.Debug|Any CPU.Build.0 = Debug|Any CPU
		{B8599A43-47F0-4CC8-901A-AFC32EFFF222}.Release|Any CPU.ActiveCfg = Release|Any CPU
		{B8599A43-47F0-4CC8-901A-AFC32EFFF222}.Release|Any CPU.Build.0 = Release|Any CPU
		{26AADEE1-42F2-465D-AEAB-67ECBFA566AF}.Debug|Any CPU.ActiveCfg = Debug|Any CPU
		{26AADEE1-42F2-465D-AEAB-67ECBFA566AF}.Debug|Any CPU.Build.0 = Debug|Any CPU
		{26AADEE1-42F2-465D-AEAB-67ECBFA566AF}.Release|Any CPU.ActiveCfg = Release|Any CPU
		{26AADEE1-42F2-465D-AEAB-67ECBFA566AF}.Release|Any CPU.Build.0 = Release|Any CPU
		{A00E646F-DF99-4F8B-A879-8C93BE34BE2F}.Debug|Any CPU.ActiveCfg = Debug|Any CPU
		{A00E646F-DF99-4F8B-A879-8C93BE34BE2F}.Debug|Any CPU.Build.0 = Debug|Any CPU
		{A00E646F-DF99-4F8B-A879-8C93BE34BE2F}.Release|Any CPU.ActiveCfg = Release|Any CPU
		{A00E646F-DF99-4F8B-A879-8C93BE34BE2F}.Release|Any CPU.Build.0 = Release|Any CPU
	EndGlobalSection
	GlobalSection(SolutionProperties) = preSolution
		HideSolutionNode = FALSE
	EndGlobalSection
	GlobalSection(ExtensibilityGlobals) = postSolution
		SolutionGuid = {F0A13621-015A-43DC-849B-864DD2A37ABB}
	EndGlobalSection
EndGlobal
